
Microsoft Visual Studio Solution File, Format Version 12.00
# Visual Studio Version 16
VisualStudioVersion = 16.0.31005.135
MinimumVisualStudioVersion = 10.0.40219.1
Project("{FAE04EC0-301F-11D3-BF4B-00C04F79EFBC}") = "exercicio4", "exercicio4\exercicio4.csproj", "{C4D1BC72-1098-4B6C-9D59-E9F8ACA13706}"
EndProject
Global
	GlobalSection(SolutionConfigurationPlatforms) = preSolution
		Debug|Any CPU = Debug|Any CPU
		Release|Any CPU = Release|Any CPU
	EndGlobalSection
	GlobalSection(ProjectConfigurationPlatforms) = postSolution
		{C4D1BC72-1098-4B6C-9D59-E9F8ACA13706}.Debug|Any CPU.ActiveCfg = Debug|Any CPU
		{C4D1BC72-1098-4B6C-9D59-E9F8ACA13706}.Debug|Any CPU.Build.0 = Debug|Any CPU
		{C4D1BC72-1098-4B6C-9D59-E9F8ACA13706}.Release|Any CPU.ActiveCfg = Release|Any CPU
		{C4D1BC72-1098-4B6C-9D59-E9F8ACA13706}.Release|Any CPU.Build.0 = Release|Any CPU
	EndGlobalSection
	GlobalSection(SolutionProperties) = preSolution
		HideSolutionNode = FALSE
	EndGlobalSection
	GlobalSection(ExtensibilityGlobals) = postSolution
		SolutionGuid = {1982D091-A895-4268-9A4B-CE1954F7B2B8}
	EndGlobalSection
EndGlobal
