
Microsoft Visual Studio Solution File, Format Version 12.00
# Visual Studio Version 16
VisualStudioVersion = 16.0.31019.35
MinimumVisualStudioVersion = 10.0.40219.1
Project("{FAE04EC0-301F-11D3-BF4B-00C04F79EFBC}") = "Exercicio6", "Exercicio6\Exercicio6.csproj", "{819D7862-A411-45DD-A2EC-EA7E153234BE}"
EndProject
Global
	GlobalSection(SolutionConfigurationPlatforms) = preSolution
		Debug|Any CPU = Debug|Any CPU
		Release|Any CPU = Release|Any CPU
	EndGlobalSection
	GlobalSection(ProjectConfigurationPlatforms) = postSolution
		{819D7862-A411-45DD-A2EC-EA7E153234BE}.Debug|Any CPU.ActiveCfg = Debug|Any CPU
		{819D7862-A411-45DD-A2EC-EA7E153234BE}.Debug|Any CPU.Build.0 = Debug|Any CPU
		{819D7862-A411-45DD-A2EC-EA7E153234BE}.Release|Any CPU.ActiveCfg = Release|Any CPU
		{819D7862-A411-45DD-A2EC-EA7E153234BE}.Release|Any CPU.Build.0 = Release|Any CPU
	EndGlobalSection
	GlobalSection(SolutionProperties) = preSolution
		HideSolutionNode = FALSE
	EndGlobalSection
	GlobalSection(ExtensibilityGlobals) = postSolution
		SolutionGuid = {641DB985-8A5A-4904-859C-F164DA23A502}
	EndGlobalSection
EndGlobal
