
Microsoft Visual Studio Solution File, Format Version 12.00
# Visual Studio Version 16
VisualStudioVersion = 16.0.31005.135
MinimumVisualStudioVersion = 10.0.40219.1
Project("{FAE04EC0-301F-11D3-BF4B-00C04F79EFBC}") = "exerciciopropost4_04", "exerciciopropost4_04\exerciciopropost4_04.csproj", "{B63C5A18-C572-4D0A-9839-A71F64FD3ABD}"
EndProject
Global
	GlobalSection(SolutionConfigurationPlatforms) = preSolution
		Debug|Any CPU = Debug|Any CPU
		Release|Any CPU = Release|Any CPU
	EndGlobalSection
	GlobalSection(ProjectConfigurationPlatforms) = postSolution
		{B63C5A18-C572-4D0A-9839-A71F64FD3ABD}.Debug|Any CPU.ActiveCfg = Debug|Any CPU
		{B63C5A18-C572-4D0A-9839-A71F64FD3ABD}.Debug|Any CPU.Build.0 = Debug|Any CPU
		{B63C5A18-C572-4D0A-9839-A71F64FD3ABD}.Release|Any CPU.ActiveCfg = Release|Any CPU
		{B63C5A18-C572-4D0A-9839-A71F64FD3ABD}.Release|Any CPU.Build.0 = Release|Any CPU
	EndGlobalSection
	GlobalSection(SolutionProperties) = preSolution
		HideSolutionNode = FALSE
	EndGlobalSection
	GlobalSection(ExtensibilityGlobals) = postSolution
		SolutionGuid = {6375A936-D04D-4FF9-8485-6F32A3FF26CE}
	EndGlobalSection
EndGlobal
