
Microsoft Visual Studio Solution File, Format Version 12.00
# Visual Studio Version 16
VisualStudioVersion = 16.0.31019.35
MinimumVisualStudioVersion = 10.0.40219.1
Project("{FAE04EC0-301F-11D3-BF4B-00C04F79EFBC}") = "exercicio2", "exercicio2\exercicio2.csproj", "{1B527B65-285B-48B8-80C2-645F98350EC2}"
EndProject
Global
	GlobalSection(SolutionConfigurationPlatforms) = preSolution
		Debug|Any CPU = Debug|Any CPU
		Release|Any CPU = Release|Any CPU
	EndGlobalSection
	GlobalSection(ProjectConfigurationPlatforms) = postSolution
		{1B527B65-285B-48B8-80C2-645F98350EC2}.Debug|Any CPU.ActiveCfg = Debug|Any CPU
		{1B527B65-285B-48B8-80C2-645F98350EC2}.Debug|Any CPU.Build.0 = Debug|Any CPU
		{1B527B65-285B-48B8-80C2-645F98350EC2}.Release|Any CPU.ActiveCfg = Release|Any CPU
		{1B527B65-285B-48B8-80C2-645F98350EC2}.Release|Any CPU.Build.0 = Release|Any CPU
	EndGlobalSection
	GlobalSection(SolutionProperties) = preSolution
		HideSolutionNode = FALSE
	EndGlobalSection
	GlobalSection(ExtensibilityGlobals) = postSolution
		SolutionGuid = {5C1A385F-C55B-4469-8B89-C0FFB4D4D2C4}
	EndGlobalSection
EndGlobal
