
Microsoft Visual Studio Solution File, Format Version 12.00
# Visual Studio Version 16
VisualStudioVersion = 16.0.31019.35
MinimumVisualStudioVersion = 10.0.40219.1
Project("{FAE04EC0-301F-11D3-BF4B-00C04F79EFBC}") = "Exercicio7", "Exercicio7\Exercicio7.csproj", "{27D11D30-4203-48EB-BE2E-6AEC82E3EB7D}"
EndProject
Global
	GlobalSection(SolutionConfigurationPlatforms) = preSolution
		Debug|Any CPU = Debug|Any CPU
		Release|Any CPU = Release|Any CPU
	EndGlobalSection
	GlobalSection(ProjectConfigurationPlatforms) = postSolution
		{27D11D30-4203-48EB-BE2E-6AEC82E3EB7D}.Debug|Any CPU.ActiveCfg = Debug|Any CPU
		{27D11D30-4203-48EB-BE2E-6AEC82E3EB7D}.Debug|Any CPU.Build.0 = Debug|Any CPU
		{27D11D30-4203-48EB-BE2E-6AEC82E3EB7D}.Release|Any CPU.ActiveCfg = Release|Any CPU
		{27D11D30-4203-48EB-BE2E-6AEC82E3EB7D}.Release|Any CPU.Build.0 = Release|Any CPU
	EndGlobalSection
	GlobalSection(SolutionProperties) = preSolution
		HideSolutionNode = FALSE
	EndGlobalSection
	GlobalSection(ExtensibilityGlobals) = postSolution
		SolutionGuid = {0E849DE5-B496-4096-83F2-021AEFC26EFE}
	EndGlobalSection
EndGlobal
