
Microsoft Visual Studio Solution File, Format Version 12.00
# Visual Studio Version 16
VisualStudioVersion = 16.0.31019.35
MinimumVisualStudioVersion = 10.0.40219.1
Project("{FAE04EC0-301F-11D3-BF4B-00C04F79EFBC}") = "Exercicio7", "Exercicio7\Exercicio7.csproj", "{CD2EF4BF-FD60-47E9-8AAD-75D27B092375}"
EndProject
Global
	GlobalSection(SolutionConfigurationPlatforms) = preSolution
		Debug|Any CPU = Debug|Any CPU
		Release|Any CPU = Release|Any CPU
	EndGlobalSection
	GlobalSection(ProjectConfigurationPlatforms) = postSolution
		{CD2EF4BF-FD60-47E9-8AAD-75D27B092375}.Debug|Any CPU.ActiveCfg = Debug|Any CPU
		{CD2EF4BF-FD60-47E9-8AAD-75D27B092375}.Debug|Any CPU.Build.0 = Debug|Any CPU
		{CD2EF4BF-FD60-47E9-8AAD-75D27B092375}.Release|Any CPU.ActiveCfg = Release|Any CPU
		{CD2EF4BF-FD60-47E9-8AAD-75D27B092375}.Release|Any CPU.Build.0 = Release|Any CPU
	EndGlobalSection
	GlobalSection(SolutionProperties) = preSolution
		HideSolutionNode = FALSE
	EndGlobalSection
	GlobalSection(ExtensibilityGlobals) = postSolution
		SolutionGuid = {0638FCBA-3AD7-4B16-A667-01A1AAE99038}
	EndGlobalSection
EndGlobal
