
Microsoft Visual Studio Solution File, Format Version 12.00
# Visual Studio Version 16
VisualStudioVersion = 16.0.31019.35
MinimumVisualStudioVersion = 10.0.40219.1
Project("{FAE04EC0-301F-11D3-BF4B-00C04F79EFBC}") = "Exercicio3", "Exercicio3\Exercicio3.csproj", "{53464A16-7E8D-49FF-928F-02F36E694A1B}"
EndProject
Global
	GlobalSection(SolutionConfigurationPlatforms) = preSolution
		Debug|Any CPU = Debug|Any CPU
		Release|Any CPU = Release|Any CPU
	EndGlobalSection
	GlobalSection(ProjectConfigurationPlatforms) = postSolution
		{53464A16-7E8D-49FF-928F-02F36E694A1B}.Debug|Any CPU.ActiveCfg = Debug|Any CPU
		{53464A16-7E8D-49FF-928F-02F36E694A1B}.Debug|Any CPU.Build.0 = Debug|Any CPU
		{53464A16-7E8D-49FF-928F-02F36E694A1B}.Release|Any CPU.ActiveCfg = Release|Any CPU
		{53464A16-7E8D-49FF-928F-02F36E694A1B}.Release|Any CPU.Build.0 = Release|Any CPU
	EndGlobalSection
	GlobalSection(SolutionProperties) = preSolution
		HideSolutionNode = FALSE
	EndGlobalSection
	GlobalSection(ExtensibilityGlobals) = postSolution
		SolutionGuid = {68DE0045-AC50-4910-A960-3027DC8741E8}
	EndGlobalSection
EndGlobal
