
Microsoft Visual Studio Solution File, Format Version 12.00
# Visual Studio Version 16
VisualStudioVersion = 16.0.31005.135
MinimumVisualStudioVersion = 10.0.40219.1
Project("{FAE04EC0-301F-11D3-BF4B-00C04F79EFBC}") = "exerciciospropostos4_02", "exerciciospropostos4_02\exerciciospropostos4_02.csproj", "{30ED2073-34DE-4103-B614-303E82D1971A}"
EndProject
Global
	GlobalSection(SolutionConfigurationPlatforms) = preSolution
		Debug|Any CPU = Debug|Any CPU
		Release|Any CPU = Release|Any CPU
	EndGlobalSection
	GlobalSection(ProjectConfigurationPlatforms) = postSolution
		{30ED2073-34DE-4103-B614-303E82D1971A}.Debug|Any CPU.ActiveCfg = Debug|Any CPU
		{30ED2073-34DE-4103-B614-303E82D1971A}.Debug|Any CPU.Build.0 = Debug|Any CPU
		{30ED2073-34DE-4103-B614-303E82D1971A}.Release|Any CPU.ActiveCfg = Release|Any CPU
		{30ED2073-34DE-4103-B614-303E82D1971A}.Release|Any CPU.Build.0 = Release|Any CPU
	EndGlobalSection
	GlobalSection(SolutionProperties) = preSolution
		HideSolutionNode = FALSE
	EndGlobalSection
	GlobalSection(ExtensibilityGlobals) = postSolution
		SolutionGuid = {C8B1AB27-0F47-4A4B-979F-7DF2F4F400A3}
	EndGlobalSection
EndGlobal
