
Microsoft Visual Studio Solution File, Format Version 12.00
# Visual Studio Version 16
VisualStudioVersion = 16.0.31019.35
MinimumVisualStudioVersion = 10.0.40219.1
Project("{FAE04EC0-301F-11D3-BF4B-00C04F79EFBC}") = "Exercicio3", "Exercicio3\Exercicio3.csproj", "{8277B16C-73BD-4F92-A250-F2DB6BFE0C0F}"
EndProject
Global
	GlobalSection(SolutionConfigurationPlatforms) = preSolution
		Debug|Any CPU = Debug|Any CPU
		Release|Any CPU = Release|Any CPU
	EndGlobalSection
	GlobalSection(ProjectConfigurationPlatforms) = postSolution
		{8277B16C-73BD-4F92-A250-F2DB6BFE0C0F}.Debug|Any CPU.ActiveCfg = Debug|Any CPU
		{8277B16C-73BD-4F92-A250-F2DB6BFE0C0F}.Debug|Any CPU.Build.0 = Debug|Any CPU
		{8277B16C-73BD-4F92-A250-F2DB6BFE0C0F}.Release|Any CPU.ActiveCfg = Release|Any CPU
		{8277B16C-73BD-4F92-A250-F2DB6BFE0C0F}.Release|Any CPU.Build.0 = Release|Any CPU
	EndGlobalSection
	GlobalSection(SolutionProperties) = preSolution
		HideSolutionNode = FALSE
	EndGlobalSection
	GlobalSection(ExtensibilityGlobals) = postSolution
		SolutionGuid = {32706A91-0174-4FCD-B25D-CD56C0371392}
	EndGlobalSection
EndGlobal
